// !$*UTF8*$!
{
	archiveVersion = 1;
	classes = {
	};
	objectVersion = 46;
	objects = {

/* Begin PBXBuildFile section */
		B3222779190D68C60009FB5D /* adjList.cpp in Sources */ = {isa = PBXBuildFile; fileRef = B3222778190D68C60009FB5D /* adjList.cpp */; };
		B322277B190D68C60009FB5D /* BasicGraphs.1 in CopyFiles */ = {isa = PBXBuildFile; fileRef = B322277A190D68C60009FB5D /* BasicGraphs.1 */; };
/* End PBXBuildFile section */

/* Begin PBXCopyFilesBuildPhase section */
		B3222773190D68C60009FB5D /* CopyFiles */ = {
			isa = PBXCopyFilesBuildPhase;
			buildActionMask = 2147483647;
			dstPath = /usr/share/man/man1/;
			dstSubfolderSpec = 0;
			files = (
				B322277B190D68C60009FB5D /* BasicGraphs.1 in CopyFiles */,
			);
			runOnlyForDeploymentPostprocessing = 1;
		};
/* End PBXCopyFilesBuildPhase section */

/* Begin PBXFileReference section */
		B3222775190D68C60009FB5D /* BasicGraphs */ = {isa = PBXFileReference; explicitFileType = "compiled.mach-o.executable"; includeInIndex = 0; path = BasicGraphs; sourceTree = BUILT_PRODUCTS_DIR; };
		B3222778190D68C60009FB5D /* adjList.cpp */ = {isa = PBXFileReference; lastKnownFileType = sourcecode.cpp.cpp; path = adjList.cpp; sourceTree = "<group>"; };
		B322277A190D68C60009FB5D /* BasicGraphs.1 */ = {isa = PBXFileReference; lastKnownFileType = text.man; path = BasicGraphs.1; sourceTree = "<group>"; };
/* End PBXFileReference section */

/* Begin PBXFrameworksBuildPhase section */
		B3222772190D68C60009FB5D /* Frameworks */ = {
			isa = PBXFrameworksBuildPhase;
			buildActionMask = 2147483647;
			files = (
			);
			runOnlyForDeploymentPostprocessing = 0;
		};
/* End PBXFrameworksBuildPhase section */

/* Begin PBXGroup section */
		B322276C190D68C60009FB5D = {
			isa = PBXGroup;
			children = (
				B3222777190D68C60009FB5D /* BasicGraphs */,
				B3222776190D68C60009FB5D /* Products */,
			);
			sourceTree = "<group>";
		};
		B3222776190D68C60009FB5D /* Products */ = {
			isa = PBXGroup;
			children = (
				B3222775190D68C60009FB5D /* BasicGraphs */,
			);
			name = Products;
			sourceTree = "<group>";
		};
		B3222777190D68C60009FB5D /* BasicGraphs */ = {
			isa = PBXGroup;
			children = (
				B3222778190D68C60009FB5D /* adjList.cpp */,
				B322277A190D68C60009FB5D /* BasicGraphs.1 */,
			);
			path = BasicGraphs;
			sourceTree = "<group>";
		};
/* End PBXGroup section */

/* Begin PBXNativeTarget section */
		B3222774190D68C60009FB5D /* BasicGraphs */ = {
			isa = PBXNativeTarget;
			buildConfigurationList = B322277E190D68C60009FB5D /* Build configuration list for PBXNativeTarget "BasicGraphs" */;
			buildPhases = (
				B3222771190D68C60009FB5D /* Sources */,
				B3222772190D68C60009FB5D /* Frameworks */,
				B3222773190D68C60009FB5D /* CopyFiles */,
			);
			buildRules = (
			);
			dependencies = (
			);
			name = BasicGraphs;
			productName = BasicGraphs;
			productReference = B3222775190D68C60009FB5D /* BasicGraphs */;
			productType = "com.apple.product-type.tool";
		};
/* End PBXNativeTarget section */

/* Begin PBXProject section */
		B322276D190D68C60009FB5D /* Project object */ = {
			isa = PBXProject;
			attributes = {
				LastUpgradeCheck = 0510;
				ORGANIZATIONNAME = "___KIRANGOUD___";
			};
			buildConfigurationList = B3222770190D68C60009FB5D /* Build configuration list for PBXProject "BasicGraphs" */;
			compatibilityVersion = "Xcode 3.2";
			developmentRegion = English;
			hasScannedForEncodings = 0;
			knownRegions = (
				en,
			);
			mainGroup = B322276C190D68C60009FB5D;
			productRefGroup = B3222776190D68C60009FB5D /* Products */;
			projectDirPath = "";
			projectRoot = "";
			targets = (
				B3222774190D68C60009FB5D /* BasicGraphs */,
			);
		};
/* End PBXProject section */

/* Begin PBXSourcesBuildPhase section */
		B3222771190D68C60009FB5D /* Sources */ = {
			isa = PBXSourcesBuildPhase;
			buildActionMask = 2147483647;
			files = (
				B3222779190D68C60009FB5D /* adjList.cpp in Sources */,
			);
			runOnlyForDeploymentPostprocessing = 0;
		};
/* End PBXSourcesBuildPhase section */

/* Begin XCBuildConfiguration section */
		B322277C190D68C60009FB5D /* Debug */ = {
			isa = XCBuildConfiguration;
			buildSettings = {
				ALWAYS_SEARCH_USER_PATHS = NO;
				CLANG_CXX_LANGUAGE_STANDARD = "gnu++0x";
				CLANG_CXX_LIBRARY = "libc++";
				CLANG_ENABLE_MODULES = YES;
				CLANG_ENABLE_OBJC_ARC = YES;
				CLANG_WARN_BOOL_CONVERSION = YES;
				CLANG_WARN_CONSTANT_CONVERSION = YES;
				CLANG_WARN_DIRECT_OBJC_ISA_USAGE = YES_ERROR;
				CLANG_WARN_EMPTY_BODY = YES;
				CLANG_WARN_ENUM_CONVERSION = YES;
				CLANG_WARN_INT_CONVERSION = YES;
				CLANG_WARN_OBJC_ROOT_CLASS = YES_ERROR;
				CLANG_WARN__DUPLICATE_METHOD_MATCH = YES;
				COPY_PHASE_STRIP = NO;
				GCC_C_LANGUAGE_STANDARD = gnu99;
				GCC_DYNAMIC_NO_PIC = NO;
				GCC_ENABLE_OBJC_EXCEPTIONS = YES;
				GCC_OPTIMIZATION_LEVEL = 0;
				GCC_PREPROCESSOR_DEFINITIONS = (
					"DEBUG=1",
					"$(inherited)",
				);
				GCC_SYMBOLS_PRIVATE_EXTERN = NO;
				GCC_WARN_64_TO_32_BIT_CONVERSION = YES;
				GCC_WARN_ABOUT_RETURN_TYPE = YES_ERROR;
				GCC_WARN_UNDECLARED_SELECTOR = YES;
				GCC_WARN_UNINITIALIZED_AUTOS = YES_AGGRESSIVE;
				GCC_WARN_UNUSED_FUNCTION = YES;
				GCC_WARN_UNUSED_VARIABLE = YES;
				MACOSX_DEPLOYMENT_TARGET = 10.9;
				ONLY_ACTIVE_ARCH = YES;
				SDKROOT = macosx;
			};
			name = Debug;
		};
		B322277D190D68C60009FB5D /* Release */ = {
			isa = XCBuildConfiguration;
			buildSettings = {
				ALWAYS_SEARCH_USER_PATHS = NO;
				CLANG_CXX_LANGUAGE_STANDARD = "gnu++0x";
				CLANG_CXX_LIBRARY = "libc++";
				CLANG_ENABLE_MODULES = YES;
				CLANG_ENABLE_OBJC_ARC = YES;
				CLANG_WARN_BOOL_CONVERSION = YES;
				CLANG_WARN_CONSTANT_CONVERSION = YES;
				CLANG_WARN_DIRECT_OBJC_ISA_USAGE = YES_ERROR;
				CLANG_WARN_EMPTY_BODY = YES;
				CLANG_WARN_ENUM_CONVERSION = YES;
				CLANG_WARN_INT_CONVERSION = YES;
				CLANG_WARN_OBJC_ROOT_CLASS = YES_ERROR;
				CLANG_WARN__DUPLICATE_METHOD_MATCH = YES;
				COPY_PHASE_STRIP = YES;
				DEBUG_INFORMATION_FORMAT = "dwarf-with-dsym";
				ENABLE_NS_ASSERTIONS = NO;
				GCC_C_LANGUAGE_STANDARD = gnu99;
				GCC_ENABLE_OBJC_EXCEPTIONS = YES;
				GCC_WARN_64_TO_32_BIT_CONVERSION = YES;
				GCC_WARN_ABOUT_RETURN_TYPE = YES_ERROR;
				GCC_WARN_UNDECLARED_SELECTOR = YES;
				GCC_WARN_UNINITIALIZED_AUTOS = YES_AGGRESSIVE;
				GCC_WARN_UNUSED_FUNCTION = YES;
				GCC_WARN_UNUSED_VARIABLE = YES;
				MACOSX_DEPLOYMENT_TARGET = 10.9;
				SDKROOT = macosx;
			};
			name = Release;
		};
		B322277F190D68C60009FB5D /* Debug */ = {
			isa = XCBuildConfiguration;
			buildSettings = {
				PRODUCT_NAME = "$(TARGET_NAME)";
			};
			name = Debug;
		};
		B3222780190D68C60009FB5D /* Release */ = {
			isa = XCBuildConfiguration;
			buildSettings = {
				PRODUCT_NAME = "$(TARGET_NAME)";
			};
			name = Release;
		};
/* End XCBuildConfiguration section */

/* Begin XCConfigurationList section */
		B3222770190D68C60009FB5D /* Build configuration list for PBXProject "BasicGraphs" */ = {
			isa = XCConfigurationList;
			buildConfigurations = (
				B322277C190D68C60009FB5D /* Debug */,
				B322277D190D68C60009FB5D /* Release */,
			);
			defaultConfigurationIsVisible = 0;
			defaultConfigurationName = Release;
		};
		B322277E190D68C60009FB5D /* Build configuration list for PBXNativeTarget "BasicGraphs" */ = {
			isa = XCConfigurationList;
			buildConfigurations = (
				B322277F190D68C60009FB5D /* Debug */,
				B3222780190D68C60009FB5D /* Release */,
			);
			defaultConfigurationIsVisible = 0;
			defaultConfigurationName = Release;
		};
/* End XCConfigurationList section */
	};
	rootObject = B322276D190D68C60009FB5D /* Project object */;
}
